
Microsoft Visual Studio Solution File, Format Version 12.00
# Visual Studio Version 16
VisualStudioVersion = 16.0.30204.135
MinimumVisualStudioVersion = 10.0.40219.1
Project("{FAE04EC0-301F-11D3-BF4B-00C04F79EFBC}") = "WordToPDF.ConsoleApp", "WordToPDF.ConsoleApp\WordToPDF.ConsoleApp.csproj", "{E268DDCB-7616-4A1C-B3C5-F337E55BA28F}"
EndProject
Project("{FAE04EC0-301F-11D3-BF4B-00C04F79EFBC}") = "WordToPDF.Library", "WordToPDF.Library\WordToPDF.Library.csproj", "{4BE4350D-4C69-4735-954F-D0FC6AB88844}"
EndProject
Global
	GlobalSection(SolutionConfigurationPlatforms) = preSolution
		Debug|Any CPU = Debug|Any CPU
		Release|Any CPU = Release|Any CPU
	EndGlobalSection
	GlobalSection(ProjectConfigurationPlatforms) = postSolution
		{E268DDCB-7616-4A1C-B3C5-F337E55BA28F}.Debug|Any CPU.ActiveCfg = Debug|Any CPU
		{E268DDCB-7616-4A1C-B3C5-F337E55BA28F}.Debug|Any CPU.Build.0 = Debug|Any CPU
		{E268DDCB-7616-4A1C-B3C5-F337E55BA28F}.Release|Any CPU.ActiveCfg = Release|Any CPU
		{E268DDCB-7616-4A1C-B3C5-F337E55BA28F}.Release|Any CPU.Build.0 = Release|Any CPU
		{4BE4350D-4C69-4735-954F-D0FC6AB88844}.Debug|Any CPU.ActiveCfg = Debug|Any CPU
		{4BE4350D-4C69-4735-954F-D0FC6AB88844}.Debug|Any CPU.Build.0 = Debug|Any CPU
		{4BE4350D-4C69-4735-954F-D0FC6AB88844}.Release|Any CPU.ActiveCfg = Release|Any CPU
		{4BE4350D-4C69-4735-954F-D0FC6AB88844}.Release|Any CPU.Build.0 = Release|Any CPU
	EndGlobalSection
	GlobalSection(SolutionProperties) = preSolution
		HideSolutionNode = FALSE
	EndGlobalSection
	GlobalSection(ExtensibilityGlobals) = postSolution
		SolutionGuid = {12C4E824-85CB-43C2-BC2D-4844C74CAB30}
	EndGlobalSection
EndGlobal
